
Microsoft Visual Studio Solution File, Format Version 12.00
# Visual Studio 14
VisualStudioVersion = 14.0.23107.0
MinimumVisualStudioVersion = 10.0.40219.1
Project("{FAE04EC0-301F-11D3-BF4B-00C04F79EFBC}") = "Dapplo.Addons", "Dapplo.Addons\Dapplo.Addons.csproj", "{66106BEB-D338-4887-AF47-125ABB31555F}"
EndProject
Project("{FAE04EC0-301F-11D3-BF4B-00C04F79EFBC}") = "Dapplo.Addons.Tests", "Dapplo.Addons.Tests\Dapplo.Addons.Tests.csproj", "{0D4F3AF8-D7A1-48AF-A516-68241A80657C}"
EndProject
Project("{FAE04EC0-301F-11D3-BF4B-00C04F79EFBC}") = "Dapplo.Addons.TestAddon", "Dapplo.Addons.TestAddon\Dapplo.Addons.TestAddon.csproj", "{450BA0DC-F37C-45F5-B250-0B20F4B1D594}"
EndProject
Project("{FAE04EC0-301F-11D3-BF4B-00C04F79EFBC}") = "Dapplo.Addons.NuGet", "Dapplo.Addons.NuGet\Dapplo.Addons.NuGet.csproj", "{B835F9A9-3778-43F3-8A2A-81F1608FBC67}"
EndProject
Global
	GlobalSection(SolutionConfigurationPlatforms) = preSolution
		Debug|Any CPU = Debug|Any CPU
		Release|Any CPU = Release|Any CPU
	EndGlobalSection
	GlobalSection(ProjectConfigurationPlatforms) = postSolution
		{66106BEB-D338-4887-AF47-125ABB31555F}.Debug|Any CPU.ActiveCfg = Debug|Any CPU
		{66106BEB-D338-4887-AF47-125ABB31555F}.Debug|Any CPU.Build.0 = Debug|Any CPU
		{66106BEB-D338-4887-AF47-125ABB31555F}.Release|Any CPU.ActiveCfg = Release|Any CPU
		{66106BEB-D338-4887-AF47-125ABB31555F}.Release|Any CPU.Build.0 = Release|Any CPU
		{0D4F3AF8-D7A1-48AF-A516-68241A80657C}.Debug|Any CPU.ActiveCfg = Debug|Any CPU
		{0D4F3AF8-D7A1-48AF-A516-68241A80657C}.Debug|Any CPU.Build.0 = Debug|Any CPU
		{0D4F3AF8-D7A1-48AF-A516-68241A80657C}.Release|Any CPU.ActiveCfg = Release|Any CPU
		{0D4F3AF8-D7A1-48AF-A516-68241A80657C}.Release|Any CPU.Build.0 = Release|Any CPU
		{450BA0DC-F37C-45F5-B250-0B20F4B1D594}.Debug|Any CPU.ActiveCfg = Debug|Any CPU
		{450BA0DC-F37C-45F5-B250-0B20F4B1D594}.Debug|Any CPU.Build.0 = Debug|Any CPU
		{450BA0DC-F37C-45F5-B250-0B20F4B1D594}.Release|Any CPU.ActiveCfg = Release|Any CPU
		{450BA0DC-F37C-45F5-B250-0B20F4B1D594}.Release|Any CPU.Build.0 = Release|Any CPU
		{B835F9A9-3778-43F3-8A2A-81F1608FBC67}.Debug|Any CPU.ActiveCfg = Debug|Any CPU
		{B835F9A9-3778-43F3-8A2A-81F1608FBC67}.Debug|Any CPU.Build.0 = Debug|Any CPU
		{B835F9A9-3778-43F3-8A2A-81F1608FBC67}.Release|Any CPU.ActiveCfg = Release|Any CPU
		{B835F9A9-3778-43F3-8A2A-81F1608FBC67}.Release|Any CPU.Build.0 = Release|Any CPU
	EndGlobalSection
	GlobalSection(SolutionProperties) = preSolution
		HideSolutionNode = FALSE
	EndGlobalSection
EndGlobal
